<?xml version="1.0" encoding="UTF-8"?>

<Project ToolsVersion="17.0" xmlns="http://schemas.microsoft.com/developer/msbuild/2003">
  <ItemGroup>
    <Filter Include="demo\Source">
      <UniqueIdentifier>{EA936F18-48B8-A45E-5CA2-4C5DF5868F7E}</UniqueIdentifier>
    </Filter>
    <Filter Include="demo">
      <UniqueIdentifier>{3E41ACB5-C1EE-4B26-63EB-C8BB05F29D00}</UniqueIdentifier>
    </Filter>
    <Filter Include="JUCE Library Code">
      <UniqueIdentifier>{7ED5A90E-41AF-A1EF-659B-37CEEAB9BA61}</UniqueIdentifier>
    </Filter>
  </ItemGroup>
  <ItemGroup>
    <ClCompile Include="..\..\Source\PluginProcessor.cpp">
      <Filter>demo\Source</Filter>
    </ClCompile>
    <ClCompile Include="..\..\Source\PluginEditor.cpp">
      <Filter>demo\Source</Filter>
    </ClCompile>
  </ItemGroup>
  <ItemGroup>
    <ClInclude Include="..\..\Source\PluginProcessor.h">
      <Filter>demo\Source</Filter>
    </ClInclude>
    <ClInclude Include="..\..\Source\PluginEditor.h">
      <Filter>demo\Source</Filter>
    </ClInclude>
    <ClInclude Include="..\..\JuceLibraryCode\JuceHeader.h">
      <Filter>JUCE Library Code</Filter>
    </ClInclude>
    <ClInclude Include="..\..\JuceLibraryCode\JucePluginDefines.h">
      <Filter>JUCE Library Code</Filter>
    </ClInclude>
  </ItemGroup>
</Project>
